Microsoft Visual Studio Solution File, Format Version 7.00
Project("{FAE04EC0-301F-11D3-BF4B-00C04F79EFBC}") = "bg", "bg.csproj", "{508859B3-FE2C-4AFE-88A3-DF9ED9A2A173}"
EndProject
Global
	GlobalSection(SolutionConfiguration) = preSolution
		ConfigName.0 = Debug
		ConfigName.1 = Release
	EndGlobalSection
	GlobalSection(ProjectDependencies) = postSolution
	EndGlobalSection
	GlobalSection(ProjectConfiguration) = postSolution
		{508859B3-FE2C-4AFE-88A3-DF9ED9A2A173}.Debug.ActiveCfg = Debug|.NET
		{508859B3-FE2C-4AFE-88A3-DF9ED9A2A173}.Debug.Build.0 = Debug|.NET
		{508859B3-FE2C-4AFE-88A3-DF9ED9A2A173}.Release.ActiveCfg = Release|.NET
		{508859B3-FE2C-4AFE-88A3-DF9ED9A2A173}.Release.Build.0 = Release|.NET
	EndGlobalSection
	GlobalSection(ExtensibilityGlobals) = postSolution
	EndGlobalSection
	GlobalSection(ExtensibilityAddIns) = postSolution
	EndGlobalSection
EndGlobal
